<?xml version="1.0" encoding="utf-8"?>
<Project ToolsVersion="15.0" xmlns="http://schemas.microsoft.com/developer/msbuild/2003">
  <ItemGroup>
    <CustomBuild Include="C:\Users\chris\Geant4\lowe-g4_10.02.p03\lowe-g4_10.02.p03\SEM\CMakeFiles\5aac9aca74949c817a270c94f0fa526b\generate.stamp.rule">
      <Filter>CMake Rules</Filter>
    </CustomBuild>
  </ItemGroup>
  <ItemGroup>
    <Filter Include="CMake Rules">
      <UniqueIdentifier>{09A16251-1C38-3D5F-97F7-42A6A8E79AA5}</UniqueIdentifier>
    </Filter>
  </ItemGroup>
</Project>
